
Microsoft Visual Studio Solution File, Format Version 12.00
# Visual Studio Version 17
VisualStudioVersion = 17.14.36414.22 d17.14
MinimumVisualStudioVersion = 10.0.40219.1
Project("{FAE04EC0-301F-11D3-BF4B-00C04F79EFBC}") = "LoyaltyRewardsApp", "LoyaltyRewardsApp.csproj", "{C320D276-FF7D-4A0D-B77E-76CFF7B10816}"
EndProject
Global
	GlobalSection(SolutionConfigurationPlatforms) = preSolution
		Debug|Any CPU = Debug|Any CPU
		Release|Any CPU = Release|Any CPU
	EndGlobalSection
	GlobalSection(ProjectConfigurationPlatforms) = postSolution
		{C320D276-FF7D-4A0D-B77E-76CFF7B10816}.Debug|Any CPU.ActiveCfg = Debug|Any CPU
		{C320D276-FF7D-4A0D-B77E-76CFF7B10816}.Debug|Any CPU.Build.0 = Debug|Any CPU
		{C320D276-FF7D-4A0D-B77E-76CFF7B10816}.Release|Any CPU.ActiveCfg = Release|Any CPU
		{C320D276-FF7D-4A0D-B77E-76CFF7B10816}.Release|Any CPU.Build.0 = Release|Any CPU
	EndGlobalSection
	GlobalSection(SolutionProperties) = preSolution
		HideSolutionNode = FALSE
	EndGlobalSection
	GlobalSection(ExtensibilityGlobals) = postSolution
		SolutionGuid = {CC5E864E-211C-47E3-9686-333A11959AD7}
	EndGlobalSection
EndGlobal
